
Microsoft Visual Studio Solution File, Format Version 12.00
# Visual Studio Version 17
VisualStudioVersion = 17.0.32014.148
MinimumVisualStudioVersion = 10.0.40219.1
Project("{F2A71F9B-5D33-465A-A702-920D77279786}") = "FirstWordle", "FirstWordle.fsproj", "{28BF7B3F-D564-4D2E-BCF2-90B137C47608}"
EndProject
Global
	GlobalSection(SolutionConfigurationPlatforms) = preSolution
		Debug|Any CPU = Debug|Any CPU
		Release|Any CPU = Release|Any CPU
	EndGlobalSection
	GlobalSection(ProjectConfigurationPlatforms) = postSolution
		{28BF7B3F-D564-4D2E-BCF2-90B137C47608}.Debug|Any CPU.ActiveCfg = Debug|Any CPU
		{28BF7B3F-D564-4D2E-BCF2-90B137C47608}.Debug|Any CPU.Build.0 = Debug|Any CPU
		{28BF7B3F-D564-4D2E-BCF2-90B137C47608}.Release|Any CPU.ActiveCfg = Release|Any CPU
		{28BF7B3F-D564-4D2E-BCF2-90B137C47608}.Release|Any CPU.Build.0 = Release|Any CPU
	EndGlobalSection
	GlobalSection(SolutionProperties) = preSolution
		HideSolutionNode = FALSE
	EndGlobalSection
	GlobalSection(ExtensibilityGlobals) = postSolution
		SolutionGuid = {CAD93EDF-F607-4672-BB0B-B3A74E63CF05}
	EndGlobalSection
EndGlobal
